PODS:
  - BigInt (5.0.0)
  - EosioSwift (0.2.1):
    - BigInt (~> 5.0)
    - PromiseKit (~> 6.8)
  - EosioSwiftAbieosSerializationProvider (0.2.1):
    - EosioSwift (~> 0.2.1)
  - EosioSwiftEcc (0.2.1):
    - EosioSwift (~> 0.2.1)
    - GRKOpenSSLFramework (= 1.0.2.19)
  - EosioSwiftReferenceAuthenticatorSignatureProvider (0.2.0):
    - EosioSwift (~> 0.2.1)
  - EosioSwiftVault (0.2.1):
    - EosioSwift (~> 0.2.1)
    - EosioSwiftEcc (~> 0.2.1)
  - EosioSwiftVaultSignatureProvider (0.2.1):
    - EosioSwift (~> 0.2.1)
    - EosioSwiftEcc (~> 0.2.1)
    - EosioSwiftVault (~> 0.2.1)
  - EOSWallet (0.1.0)
  - GRKOpenSSLFramework (1.0.2.19)
  - PromiseKit (6.13.1):
    - PromiseKit/CorePromise (= 6.13.1)
    - PromiseKit/Foundation (= 6.13.1)
    - PromiseKit/UIKit (= 6.13.1)
  - PromiseKit/CorePromise (6.13.1)
  - PromiseKit/Foundation (6.13.1):
    - PromiseKit/CorePromise
  - PromiseKit/UIKit (6.13.1):
    - PromiseKit/CorePromise
  - ReachabilitySwift (5.0.0)
  - SnapshotTesting (1.7.2)

DEPENDENCIES:
  - EosioSwift (from `../eosio-swift`)
  - EosioSwiftAbieosSerializationProvider (from `../eosio-swift-abieos-serialization-provider`)
  - EosioSwiftEcc (from `../eosio-swift-ecc`)
  - EosioSwiftReferenceAuthenticatorSignatureProvider (from `../eosio-swift-reference-ios-authenticator-signature-provider`)
  - EosioSwiftVault (from `../eosio-swift-vault`)
  - EosioSwiftVaultSignatureProvider (from `../eosio-swift-vault-signature-provider`)
  - EOSWallet (from `../EOSWallet`)
  - ReachabilitySwift
  - SnapshotTesting (~> 1.1)

SPEC REPOS:
  https://github.com/CocoaPods/Specs.git:
    - BigInt
    - GRKOpenSSLFramework
    - PromiseKit
    - ReachabilitySwift
    - SnapshotTesting

EXTERNAL SOURCES:
  EosioSwift:
    :path: "../eosio-swift"
  EosioSwiftAbieosSerializationProvider:
    :path: "../eosio-swift-abieos-serialization-provider"
  EosioSwiftEcc:
    :path: "../eosio-swift-ecc"
  EosioSwiftReferenceAuthenticatorSignatureProvider:
    :path: "../eosio-swift-reference-ios-authenticator-signature-provider"
  EosioSwiftVault:
    :path: "../eosio-swift-vault"
  EosioSwiftVaultSignatureProvider:
    :path: "../eosio-swift-vault-signature-provider"
  EOSWallet:
    :path: "../EOSWallet"

SPEC CHECKSUMS:
  BigInt: 74b4d88367b0e819d9f77393549226d36faeb0d8
  EosioSwift: c1ae7a2806dc21f96250963a5eb6ad2fc0144634
  EosioSwiftAbieosSerializationProvider: 406d8bdecf6f2e92b6e27741e1d3c599bca67982
  EosioSwiftEcc: 5e4b1abda68b0689c7a97edc4858625e53dcc828
  EosioSwiftReferenceAuthenticatorSignatureProvider: d0ec1a9934a12b3aafd8790954c708d39faa4545
  EosioSwiftVault: 11daf547a6933a01153ed7903287b6d21d2cb2ed
  EosioSwiftVaultSignatureProvider: 44932f2b734a7a3d619b490086bff7edc21bf997
  EOSWallet: 8a3e41f50d6d0e067a830e0254a7413aaee2e4f7
  GRKOpenSSLFramework: 4abc733a8fcbc37060619a86a54202d2938dd70e
  PromiseKit: 28fda91c973cc377875d8c0ea4f973013c05b6db
  ReachabilitySwift: 985039c6f7b23a1da463388634119492ff86c825
  SnapshotTesting: 8caa6661fea7c8019d5b46de77c16bab99c36c5c

PODFILE CHECKSUM: 778589fae0ebeb1ee308fabf7de99005dda4d8d5

COCOAPODS: 1.8.4
